
Microsoft Visual Studio Solution File, Format Version 12.00
# Visual Studio Version 16
VisualStudioVersion = 16.0.30330.147
MinimumVisualStudioVersion = 10.0.40219.1
Project("{8BC9CEB8-8B4A-11D0-8D11-00A0C91BC942}") = "Sindre_Rosenlind_Weekly_4", "Sindre_Rosenlind_Weekly_4\Sindre_Rosenlind_Weekly_4.vcxproj", "{470BD802-CE4B-4566-8668-F0FE023B0DE8}"
EndProject
Global
	GlobalSection(SolutionConfigurationPlatforms) = preSolution
		Debug|x64 = Debug|x64
		Debug|x86 = Debug|x86
		Release|x64 = Release|x64
		Release|x86 = Release|x86
	EndGlobalSection
	GlobalSection(ProjectConfigurationPlatforms) = postSolution
		{470BD802-CE4B-4566-8668-F0FE023B0DE8}.Debug|x64.ActiveCfg = Debug|x64
		{470BD802-CE4B-4566-8668-F0FE023B0DE8}.Debug|x64.Build.0 = Debug|x64
		{470BD802-CE4B-4566-8668-F0FE023B0DE8}.Debug|x86.ActiveCfg = Debug|Win32
		{470BD802-CE4B-4566-8668-F0FE023B0DE8}.Debug|x86.Build.0 = Debug|Win32
		{470BD802-CE4B-4566-8668-F0FE023B0DE8}.Release|x64.ActiveCfg = Release|x64
		{470BD802-CE4B-4566-8668-F0FE023B0DE8}.Release|x64.Build.0 = Release|x64
		{470BD802-CE4B-4566-8668-F0FE023B0DE8}.Release|x86.ActiveCfg = Release|Win32
		{470BD802-CE4B-4566-8668-F0FE023B0DE8}.Release|x86.Build.0 = Release|Win32
	EndGlobalSection
	GlobalSection(SolutionProperties) = preSolution
		HideSolutionNode = FALSE
	EndGlobalSection
	GlobalSection(ExtensibilityGlobals) = postSolution
		SolutionGuid = {870F0D25-5C1B-45EE-A0C8-5620ECA70B86}
	EndGlobalSection
EndGlobal
